
Microsoft Visual Studio Solution File, Format Version 12.00
# Visual Studio Version 17
VisualStudioVersion = 17.11.35219.272
MinimumVisualStudioVersion = 10.0.40219.1
Project("{FAE04EC0-301F-11D3-BF4B-00C04F79EFBC}") = "DapperDemo", "DapperDemo\DapperDemo.csproj", "{84975670-7988-4155-8DA6-932F6DF49349}"
EndProject
Project("{FAE04EC0-301F-11D3-BF4B-00C04F79EFBC}") = "AccesoDatos", "AccesoDatos\AccesoDatos.csproj", "{87BE0172-40AC-45C0-A9D3-8C17C99DB655}"
EndProject
Global
	GlobalSection(SolutionConfigurationPlatforms) = preSolution
		Debug|Any CPU = Debug|Any CPU
		Release|Any CPU = Release|Any CPU
	EndGlobalSection
	GlobalSection(ProjectConfigurationPlatforms) = postSolution
		{84975670-7988-4155-8DA6-932F6DF49349}.Debug|Any CPU.ActiveCfg = Debug|Any CPU
		{84975670-7988-4155-8DA6-932F6DF49349}.Debug|Any CPU.Build.0 = Debug|Any CPU
		{84975670-7988-4155-8DA6-932F6DF49349}.Release|Any CPU.ActiveCfg = Release|Any CPU
		{84975670-7988-4155-8DA6-932F6DF49349}.Release|Any CPU.Build.0 = Release|Any CPU
		{87BE0172-40AC-45C0-A9D3-8C17C99DB655}.Debug|Any CPU.ActiveCfg = Debug|Any CPU
		{87BE0172-40AC-45C0-A9D3-8C17C99DB655}.Debug|Any CPU.Build.0 = Debug|Any CPU
		{87BE0172-40AC-45C0-A9D3-8C17C99DB655}.Release|Any CPU.ActiveCfg = Release|Any CPU
		{87BE0172-40AC-45C0-A9D3-8C17C99DB655}.Release|Any CPU.Build.0 = Release|Any CPU
	EndGlobalSection
	GlobalSection(SolutionProperties) = preSolution
		HideSolutionNode = FALSE
	EndGlobalSection
	GlobalSection(ExtensibilityGlobals) = postSolution
		SolutionGuid = {2B540A10-B5EE-462B-902F-1FE0DE464FCB}
	EndGlobalSection
EndGlobal
